
Microsoft Visual Studio Solution File, Format Version 12.00
# Visual Studio Version 16
VisualStudioVersion = 16.0.31410.357
MinimumVisualStudioVersion = 10.0.40219.1
Project("{FAE04EC0-301F-11D3-BF4B-00C04F79EFBC}") = "SampleWebApi", "SampleWebApi\SampleWebApi.csproj", "{1B129C58-9DA2-475B-9874-9EF3B0B16AF4}"
EndProject
Global
	GlobalSection(SolutionConfigurationPlatforms) = preSolution
		Debug|Any CPU = Debug|Any CPU
		Release|Any CPU = Release|Any CPU
	EndGlobalSection
	GlobalSection(ProjectConfigurationPlatforms) = postSolution
		{1B129C58-9DA2-475B-9874-9EF3B0B16AF4}.Debug|Any CPU.ActiveCfg = Debug|Any CPU
		{1B129C58-9DA2-475B-9874-9EF3B0B16AF4}.Debug|Any CPU.Build.0 = Debug|Any CPU
		{1B129C58-9DA2-475B-9874-9EF3B0B16AF4}.Release|Any CPU.ActiveCfg = Release|Any CPU
		{1B129C58-9DA2-475B-9874-9EF3B0B16AF4}.Release|Any CPU.Build.0 = Release|Any CPU
	EndGlobalSection
	GlobalSection(SolutionProperties) = preSolution
		HideSolutionNode = FALSE
	EndGlobalSection
	GlobalSection(ExtensibilityGlobals) = postSolution
		SolutionGuid = {615ADD4F-6398-4D0E-B5E2-5E89AE1BDDF4}
	EndGlobalSection
EndGlobal
